{
  "requires": true,
  "lockfileVersion": 1,
  "dependencies": {
    "lottie-web": {
      "version": "5.7.6",
      "resolved": "https://registry.npmjs.org/lottie-web/-/lottie-web-5.7.6.tgz",
      "integrity": "sha512-qn/KYMI4QQvFDhtoxs0RPkn9uZKhDB9keE5BKgbJlSRfNEZpRiDlwBE9ibYz4nPhbyE+NUlt8IRIVR7g5OSX3w=="
    },
    "react-useanimations": {
      "version": "2.0.6",
      "resolved": "https://registry.npmjs.org/react-useanimations/-/react-useanimations-2.0.6.tgz",
      "integrity": "sha512-sN7Wt3pcuo2hoptJnrdjL3/9bUvpqUBBwPK4FOgdKM3ht6ogmRY9Yi2lBymyNLWaVxf8vfnqzPTdN76cmNRGCA==",
      "requires": {
        "lottie-web": "^5.5.7"
      }
    }
  }
}
