{
  "requires": true,
  "lockfileVersion": 1,
  "dependencies": {
    "lottie-web": {
      "version": "5.7.6",
      "resolved": "https://registry.npmjs.org/lottie-web/-/lottie-web-5.7.6.tgz",
      "integrity": "sha512-qn/KYMI4QQvFDhtoxs0RPkn9uZKhDB9keE5BKgbJlSRfNEZpRiDlwBE9ibYz4nPhbyE+NUlt8IRIVR7g5OSX3w=="
    }
  }
}
